
Microsoft Visual Studio Solution File, Format Version 12.00
# Visual Studio Version 16
VisualStudioVersion = 16.0.29519.87
MinimumVisualStudioVersion = 10.0.40219.1
Project("{FAE04EC0-301F-11D3-BF4B-00C04F79EFBC}") = "ChatApp", "ChatApp\ChatApp.csproj", "{D1DB69FA-6E42-4727-BD8C-961ECCE1E2C2}"
EndProject
Global
	GlobalSection(SolutionConfigurationPlatforms) = preSolution
		Debug|Any CPU = Debug|Any CPU
		Release|Any CPU = Release|Any CPU
	EndGlobalSection
	GlobalSection(ProjectConfigurationPlatforms) = postSolution
		{D1DB69FA-6E42-4727-BD8C-961ECCE1E2C2}.Debug|Any CPU.ActiveCfg = Debug|Any CPU
		{D1DB69FA-6E42-4727-BD8C-961ECCE1E2C2}.Debug|Any CPU.Build.0 = Debug|Any CPU
		{D1DB69FA-6E42-4727-BD8C-961ECCE1E2C2}.Release|Any CPU.ActiveCfg = Release|Any CPU
		{D1DB69FA-6E42-4727-BD8C-961ECCE1E2C2}.Release|Any CPU.Build.0 = Release|Any CPU
	EndGlobalSection
	GlobalSection(SolutionProperties) = preSolution
		HideSolutionNode = FALSE
	EndGlobalSection
	GlobalSection(ExtensibilityGlobals) = postSolution
		SolutionGuid = {FBA749F0-0AF2-4184-887D-5C929238D033}
	EndGlobalSection
EndGlobal
